
Microsoft Visual Studio Solution File, Format Version 12.00
# Visual Studio Version 16
VisualStudioVersion = 16.0.30413.136
MinimumVisualStudioVersion = 10.0.40219.1
Project("{9A19103F-16F7-4668-BE54-9A1E7A4F7556}") = "environment_crime", "myFirstWebApplication\environment_crime.csproj", "{C66F65F0-1D5B-4C29-912B-A1EBA6A2F48C}"
EndProject
Project("{FAE04EC0-301F-11D3-BF4B-00C04F79EFBC}") = "testRepo", "testRepo\testRepo.csproj", "{053FE980-5EE1-4A65-9635-CE4EC776205D}"
EndProject
Global
	GlobalSection(SolutionConfigurationPlatforms) = preSolution
		Debug|Any CPU = Debug|Any CPU
		Release|Any CPU = Release|Any CPU
	EndGlobalSection
	GlobalSection(ProjectConfigurationPlatforms) = postSolution
		{C66F65F0-1D5B-4C29-912B-A1EBA6A2F48C}.Debug|Any CPU.ActiveCfg = Debug|Any CPU
		{C66F65F0-1D5B-4C29-912B-A1EBA6A2F48C}.Debug|Any CPU.Build.0 = Debug|Any CPU
		{C66F65F0-1D5B-4C29-912B-A1EBA6A2F48C}.Release|Any CPU.ActiveCfg = Release|Any CPU
		{C66F65F0-1D5B-4C29-912B-A1EBA6A2F48C}.Release|Any CPU.Build.0 = Release|Any CPU
		{053FE980-5EE1-4A65-9635-CE4EC776205D}.Debug|Any CPU.ActiveCfg = Debug|Any CPU
		{053FE980-5EE1-4A65-9635-CE4EC776205D}.Debug|Any CPU.Build.0 = Debug|Any CPU
		{053FE980-5EE1-4A65-9635-CE4EC776205D}.Release|Any CPU.ActiveCfg = Release|Any CPU
		{053FE980-5EE1-4A65-9635-CE4EC776205D}.Release|Any CPU.Build.0 = Release|Any CPU
	EndGlobalSection
	GlobalSection(SolutionProperties) = preSolution
		HideSolutionNode = FALSE
	EndGlobalSection
	GlobalSection(ExtensibilityGlobals) = postSolution
		SolutionGuid = {FF092E94-B0C4-43B5-AE8A-219202EC2AFC}
	EndGlobalSection
EndGlobal
